PODS:
  - FlutterMacOS (1.0.0)
  - omni_ble (0.0.1):
    - FlutterMacOS

DEPENDENCIES:
  - FlutterMacOS (from `Flutter/ephemeral`)
  - omni_ble (from `Flutter/ephemeral/.symlinks/plugins/omni_ble/macos`)

EXTERNAL SOURCES:
  FlutterMacOS:
    :path: Flutter/ephemeral
  omni_ble:
    :path: Flutter/ephemeral/.symlinks/plugins/omni_ble/macos

SPEC CHECKSUMS:
  FlutterMacOS: d0db08ddef1a9af05a5ec4b724367152bb0500b1
  omni_ble: 78caaad77e8fb2c9a2a7ad3a4b8dabc85b2b261f

PODFILE CHECKSUM: 54d867c82ac51cbd61b565781b9fada492027009

COCOAPODS: 1.16.2
